
Microsoft Visual Studio Solution File, Format Version 12.00
# Visual Studio Version 16
VisualStudioVersion = 16.0.30717.126
MinimumVisualStudioVersion = 10.0.40219.1
Project("{FAE04EC0-301F-11D3-BF4B-00C04F79EFBC}") = "SF.Module18", "SF.Module18.csproj", "{AB5F0D3B-085A-4681-B1AC-5F3F9994BC30}"
EndProject
Global
	GlobalSection(SolutionConfigurationPlatforms) = preSolution
		Debug|Any CPU = Debug|Any CPU
		Release|Any CPU = Release|Any CPU
	EndGlobalSection
	GlobalSection(ProjectConfigurationPlatforms) = postSolution
		{AB5F0D3B-085A-4681-B1AC-5F3F9994BC30}.Debug|Any CPU.ActiveCfg = Debug|Any CPU
		{AB5F0D3B-085A-4681-B1AC-5F3F9994BC30}.Debug|Any CPU.Build.0 = Debug|Any CPU
		{AB5F0D3B-085A-4681-B1AC-5F3F9994BC30}.Release|Any CPU.ActiveCfg = Release|Any CPU
		{AB5F0D3B-085A-4681-B1AC-5F3F9994BC30}.Release|Any CPU.Build.0 = Release|Any CPU
	EndGlobalSection
	GlobalSection(SolutionProperties) = preSolution
		HideSolutionNode = FALSE
	EndGlobalSection
	GlobalSection(ExtensibilityGlobals) = postSolution
		SolutionGuid = {2F6DD7A6-683B-45A8-9091-3EC366BC4FCD}
	EndGlobalSection
EndGlobal
